
Microsoft Visual Studio Solution File, Format Version 12.00
# Visual Studio 15
VisualStudioVersion = 15.0.28307.572
MinimumVisualStudioVersion = 10.0.40219.1
Project("{FAE04EC0-301F-11D3-BF4B-00C04F79EFBC}") = "MoonsPlayground", "MoonsPlayground\MoonsPlayground.csproj", "{7B825513-4D8A-4971-A262-00AADE64BC69}"
EndProject
Global
	GlobalSection(SolutionConfigurationPlatforms) = preSolution
		Debug|Any CPU = Debug|Any CPU
		Release|Any CPU = Release|Any CPU
	EndGlobalSection
	GlobalSection(ProjectConfigurationPlatforms) = postSolution
		{7B825513-4D8A-4971-A262-00AADE64BC69}.Debug|Any CPU.ActiveCfg = Debug|Any CPU
		{7B825513-4D8A-4971-A262-00AADE64BC69}.Debug|Any CPU.Build.0 = Debug|Any CPU
		{7B825513-4D8A-4971-A262-00AADE64BC69}.Release|Any CPU.ActiveCfg = Release|Any CPU
		{7B825513-4D8A-4971-A262-00AADE64BC69}.Release|Any CPU.Build.0 = Release|Any CPU
	EndGlobalSection
	GlobalSection(SolutionProperties) = preSolution
		HideSolutionNode = FALSE
	EndGlobalSection
	GlobalSection(ExtensibilityGlobals) = postSolution
		SolutionGuid = {D7252486-97F1-47E2-8C8F-CBFE02A198C6}
	EndGlobalSection
EndGlobal
